
Microsoft Visual Studio Solution File, Format Version 12.00
# Visual Studio 15
VisualStudioVersion = 15.0.28307.421
MinimumVisualStudioVersion = 10.0.40219.1
Project("{FAE04EC0-301F-11D3-BF4B-00C04F79EFBC}") = "NthRootTask", "NthRootTask\NthRootTask.csproj", "{53588D9A-0A2A-468B-961C-65A717DDEEDC}"
EndProject
Project("{FAE04EC0-301F-11D3-BF4B-00C04F79EFBC}") = "NthRootTask.Tests", "NthRootTask.Tests\NthRootTask.Tests.csproj", "{8407F803-2D82-446E-8952-3BDDABEE1992}"
EndProject
Global
	GlobalSection(SolutionConfigurationPlatforms) = preSolution
		Debug|Any CPU = Debug|Any CPU
		Release|Any CPU = Release|Any CPU
	EndGlobalSection
	GlobalSection(ProjectConfigurationPlatforms) = postSolution
		{53588D9A-0A2A-468B-961C-65A717DDEEDC}.Debug|Any CPU.ActiveCfg = Debug|Any CPU
		{53588D9A-0A2A-468B-961C-65A717DDEEDC}.Debug|Any CPU.Build.0 = Debug|Any CPU
		{53588D9A-0A2A-468B-961C-65A717DDEEDC}.Release|Any CPU.ActiveCfg = Release|Any CPU
		{53588D9A-0A2A-468B-961C-65A717DDEEDC}.Release|Any CPU.Build.0 = Release|Any CPU
		{8407F803-2D82-446E-8952-3BDDABEE1992}.Debug|Any CPU.ActiveCfg = Debug|Any CPU
		{8407F803-2D82-446E-8952-3BDDABEE1992}.Debug|Any CPU.Build.0 = Debug|Any CPU
		{8407F803-2D82-446E-8952-3BDDABEE1992}.Release|Any CPU.ActiveCfg = Release|Any CPU
		{8407F803-2D82-446E-8952-3BDDABEE1992}.Release|Any CPU.Build.0 = Release|Any CPU
	EndGlobalSection
	GlobalSection(SolutionProperties) = preSolution
		HideSolutionNode = FALSE
	EndGlobalSection
	GlobalSection(ExtensibilityGlobals) = postSolution
		SolutionGuid = {EB50ABB9-D9BB-434B-BA45-E41B9AD7D592}
	EndGlobalSection
EndGlobal
