
Microsoft Visual Studio Solution File, Format Version 12.00
# Visual Studio 15
VisualStudioVersion = 15.0.28307.489
MinimumVisualStudioVersion = 10.0.40219.1
Project("{FAE04EC0-301F-11D3-BF4B-00C04F79EFBC}") = "GCDTask", "GCDTask\GCDTask.csproj", "{072150EF-4D3C-448B-A0A3-C540B18176D4}"
EndProject
Project("{FAE04EC0-301F-11D3-BF4B-00C04F79EFBC}") = "GCDTask.Tests", "GCDTask.Tests\GCDTask.Tests.csproj", "{41162ADF-9CE2-44F0-AAF2-C16A950AEEF6}"
EndProject
Global
	GlobalSection(SolutionConfigurationPlatforms) = preSolution
		Debug|Any CPU = Debug|Any CPU
		Release|Any CPU = Release|Any CPU
	EndGlobalSection
	GlobalSection(ProjectConfigurationPlatforms) = postSolution
		{072150EF-4D3C-448B-A0A3-C540B18176D4}.Debug|Any CPU.ActiveCfg = Debug|Any CPU
		{072150EF-4D3C-448B-A0A3-C540B18176D4}.Debug|Any CPU.Build.0 = Debug|Any CPU
		{072150EF-4D3C-448B-A0A3-C540B18176D4}.Release|Any CPU.ActiveCfg = Release|Any CPU
		{072150EF-4D3C-448B-A0A3-C540B18176D4}.Release|Any CPU.Build.0 = Release|Any CPU
		{41162ADF-9CE2-44F0-AAF2-C16A950AEEF6}.Debug|Any CPU.ActiveCfg = Debug|Any CPU
		{41162ADF-9CE2-44F0-AAF2-C16A950AEEF6}.Debug|Any CPU.Build.0 = Debug|Any CPU
		{41162ADF-9CE2-44F0-AAF2-C16A950AEEF6}.Release|Any CPU.ActiveCfg = Release|Any CPU
		{41162ADF-9CE2-44F0-AAF2-C16A950AEEF6}.Release|Any CPU.Build.0 = Release|Any CPU
	EndGlobalSection
	GlobalSection(SolutionProperties) = preSolution
		HideSolutionNode = FALSE
	EndGlobalSection
	GlobalSection(ExtensibilityGlobals) = postSolution
		SolutionGuid = {695E89FB-F48C-44B7-87E5-F67AE02347C9}
	EndGlobalSection
EndGlobal
