
Microsoft Visual Studio Solution File, Format Version 12.00
# Visual Studio 15
VisualStudioVersion = 15.0.28307.421
MinimumVisualStudioVersion = 10.0.40219.1
Project("{FAE04EC0-301F-11D3-BF4B-00C04F79EFBC}") = "InsertNumberTask", "InsertNumberTask\InsertNumberTask.csproj", "{612DA172-9695-4C43-82B4-1EF40918B6D5}"
EndProject
Project("{FAE04EC0-301F-11D3-BF4B-00C04F79EFBC}") = "InsertNumberTask.MSTests", "InsertNumberTask.MSTests\InsertNumberTask.MSTests.csproj", "{83F285AB-325E-4106-B945-9B1E6D23005C}"
EndProject
Global
	GlobalSection(SolutionConfigurationPlatforms) = preSolution
		Debug|Any CPU = Debug|Any CPU
		Release|Any CPU = Release|Any CPU
	EndGlobalSection
	GlobalSection(ProjectConfigurationPlatforms) = postSolution
		{612DA172-9695-4C43-82B4-1EF40918B6D5}.Debug|Any CPU.ActiveCfg = Debug|Any CPU
		{612DA172-9695-4C43-82B4-1EF40918B6D5}.Debug|Any CPU.Build.0 = Debug|Any CPU
		{612DA172-9695-4C43-82B4-1EF40918B6D5}.Release|Any CPU.ActiveCfg = Release|Any CPU
		{612DA172-9695-4C43-82B4-1EF40918B6D5}.Release|Any CPU.Build.0 = Release|Any CPU
		{83F285AB-325E-4106-B945-9B1E6D23005C}.Debug|Any CPU.ActiveCfg = Debug|Any CPU
		{83F285AB-325E-4106-B945-9B1E6D23005C}.Debug|Any CPU.Build.0 = Debug|Any CPU
		{83F285AB-325E-4106-B945-9B1E6D23005C}.Release|Any CPU.ActiveCfg = Release|Any CPU
		{83F285AB-325E-4106-B945-9B1E6D23005C}.Release|Any CPU.Build.0 = Release|Any CPU
	EndGlobalSection
	GlobalSection(SolutionProperties) = preSolution
		HideSolutionNode = FALSE
	EndGlobalSection
	GlobalSection(ExtensibilityGlobals) = postSolution
		SolutionGuid = {8A65AA5D-1A09-4FD1-8D8A-271BE2473686}
	EndGlobalSection
EndGlobal
