
Microsoft Visual Studio Solution File, Format Version 12.00
# Visual Studio 15
VisualStudioVersion = 15.0.28307.489
MinimumVisualStudioVersion = 10.0.40219.1
Project("{FAE04EC0-301F-11D3-BF4B-00C04F79EFBC}") = "URLParser", "URLParser\URLParser.csproj", "{B6F24BEA-B46D-4F45-AF25-20577373E96E}"
EndProject
Global
	GlobalSection(SolutionConfigurationPlatforms) = preSolution
		Debug|Any CPU = Debug|Any CPU
		Release|Any CPU = Release|Any CPU
	EndGlobalSection
	GlobalSection(ProjectConfigurationPlatforms) = postSolution
		{B6F24BEA-B46D-4F45-AF25-20577373E96E}.Debug|Any CPU.ActiveCfg = Debug|Any CPU
		{B6F24BEA-B46D-4F45-AF25-20577373E96E}.Debug|Any CPU.Build.0 = Debug|Any CPU
		{B6F24BEA-B46D-4F45-AF25-20577373E96E}.Release|Any CPU.ActiveCfg = Release|Any CPU
		{B6F24BEA-B46D-4F45-AF25-20577373E96E}.Release|Any CPU.Build.0 = Release|Any CPU
	EndGlobalSection
	GlobalSection(SolutionProperties) = preSolution
		HideSolutionNode = FALSE
	EndGlobalSection
	GlobalSection(ExtensibilityGlobals) = postSolution
		SolutionGuid = {22C8AEE4-7C4B-46E9-A9C1-6ABFCE9B9CCE}
	EndGlobalSection
EndGlobal
